
Microsoft Visual Studio Solution File, Format Version 12.00
# Visual Studio Version 16
VisualStudioVersion = 16.0.31313.79
MinimumVisualStudioVersion = 10.0.40219.1
Project("{9A19103F-16F7-4668-BE54-9A1E7A4F7556}") = "QuiddlerLibrary", "QuiddlerLibrary\QuiddlerLibrary.csproj", "{BFE2ED10-A467-4872-9C95-A5852822E8D8}"
EndProject
Project("{FAE04EC0-301F-11D3-BF4B-00C04F79EFBC}") = "QuiddlerClient", "QuiddlerClient\QuiddlerClient.csproj", "{145C0557-D821-4981-9003-45D4D886C7EA}"
EndProject
Global
	GlobalSection(SolutionConfigurationPlatforms) = preSolution
		Debug|Any CPU = Debug|Any CPU
		Release|Any CPU = Release|Any CPU
	EndGlobalSection
	GlobalSection(ProjectConfigurationPlatforms) = postSolution
		{BFE2ED10-A467-4872-9C95-A5852822E8D8}.Debug|Any CPU.ActiveCfg = Debug|Any CPU
		{BFE2ED10-A467-4872-9C95-A5852822E8D8}.Debug|Any CPU.Build.0 = Debug|Any CPU
		{BFE2ED10-A467-4872-9C95-A5852822E8D8}.Release|Any CPU.ActiveCfg = Release|Any CPU
		{BFE2ED10-A467-4872-9C95-A5852822E8D8}.Release|Any CPU.Build.0 = Release|Any CPU
		{145C0557-D821-4981-9003-45D4D886C7EA}.Debug|Any CPU.ActiveCfg = Debug|Any CPU
		{145C0557-D821-4981-9003-45D4D886C7EA}.Debug|Any CPU.Build.0 = Debug|Any CPU
		{145C0557-D821-4981-9003-45D4D886C7EA}.Release|Any CPU.ActiveCfg = Release|Any CPU
		{145C0557-D821-4981-9003-45D4D886C7EA}.Release|Any CPU.Build.0 = Release|Any CPU
	EndGlobalSection
	GlobalSection(SolutionProperties) = preSolution
		HideSolutionNode = FALSE
	EndGlobalSection
	GlobalSection(ExtensibilityGlobals) = postSolution
		SolutionGuid = {E97E0E99-DF40-4EC3-A667-CF71FB0251F6}
	EndGlobalSection
EndGlobal
